
Microsoft Visual Studio Solution File, Format Version 12.00
# Visual Studio 15
VisualStudioVersion = 15.0.27428.2043
MinimumVisualStudioVersion = 10.0.40219.1
Project("{FAE04EC0-301F-11D3-BF4B-00C04F79EFBC}") = "RomainNumerals.Test", "RodmainNumerals.Test\RomainNumerals.Test.csproj", "{F655C9D8-D096-4410-9B76-AF16ED429FDA}"
EndProject
Project("{FAE04EC0-301F-11D3-BF4B-00C04F79EFBC}") = "RomainNumerals", "RomainNumerals\RomainNumerals.csproj", "{3C01D521-3B8C-4E69-9D96-B4F9DA2265C4}"
EndProject
Global
	GlobalSection(SolutionConfigurationPlatforms) = preSolution
		Debug|Any CPU = Debug|Any CPU
		Release|Any CPU = Release|Any CPU
	EndGlobalSection
	GlobalSection(ProjectConfigurationPlatforms) = postSolution
		{F655C9D8-D096-4410-9B76-AF16ED429FDA}.Debug|Any CPU.ActiveCfg = Debug|Any CPU
		{F655C9D8-D096-4410-9B76-AF16ED429FDA}.Debug|Any CPU.Build.0 = Debug|Any CPU
		{F655C9D8-D096-4410-9B76-AF16ED429FDA}.Release|Any CPU.ActiveCfg = Release|Any CPU
		{F655C9D8-D096-4410-9B76-AF16ED429FDA}.Release|Any CPU.Build.0 = Release|Any CPU
		{3C01D521-3B8C-4E69-9D96-B4F9DA2265C4}.Debug|Any CPU.ActiveCfg = Debug|Any CPU
		{3C01D521-3B8C-4E69-9D96-B4F9DA2265C4}.Debug|Any CPU.Build.0 = Debug|Any CPU
		{3C01D521-3B8C-4E69-9D96-B4F9DA2265C4}.Release|Any CPU.ActiveCfg = Release|Any CPU
		{3C01D521-3B8C-4E69-9D96-B4F9DA2265C4}.Release|Any CPU.Build.0 = Release|Any CPU
	EndGlobalSection
	GlobalSection(SolutionProperties) = preSolution
		HideSolutionNode = FALSE
	EndGlobalSection
	GlobalSection(ExtensibilityGlobals) = postSolution
		SolutionGuid = {1675118C-64C7-48D9-BE2A-B378F22868BF}
	EndGlobalSection
EndGlobal
